%{
  "exprotobuf": {:hex, :exprotobuf, "1.2.9", "f3cac1b0d0444da3c72cdfe80e394d721275dc80b1d7703ead9dad9267e93822", [:mix], [{:gpb, "~> 3.24", [hex: :gpb, repo: "hexpm", optional: false]}], "hexpm"},
  "gpb": {:hex, :gpb, "3.28.1", "6849b2f0004dc4e7644f4f67e7cdd18e893f0ab87eb7ad82b9cb1483ce60eed0", [:make, :rebar], [], "hexpm"},
}
